
Microsoft Visual Studio Solution File, Format Version 12.00
# Visual Studio Version 16
VisualStudioVersion = 16.0.29911.84
MinimumVisualStudioVersion = 10.0.40219.1
Project("{FAE04EC0-301F-11D3-BF4B-00C04F79EFBC}") = "MealCreatorPlanner", "MealCreatorPlanner\MealCreatorPlanner.csproj", "{A353FD67-60A3-42BB-B19A-121D55E4C2DD}"
EndProject
Global
	GlobalSection(SolutionConfigurationPlatforms) = preSolution
		Debug|Any CPU = Debug|Any CPU
		Release|Any CPU = Release|Any CPU
	EndGlobalSection
	GlobalSection(ProjectConfigurationPlatforms) = postSolution
		{A353FD67-60A3-42BB-B19A-121D55E4C2DD}.Debug|Any CPU.ActiveCfg = Debug|Any CPU
		{A353FD67-60A3-42BB-B19A-121D55E4C2DD}.Debug|Any CPU.Build.0 = Debug|Any CPU
		{A353FD67-60A3-42BB-B19A-121D55E4C2DD}.Release|Any CPU.ActiveCfg = Release|Any CPU
		{A353FD67-60A3-42BB-B19A-121D55E4C2DD}.Release|Any CPU.Build.0 = Release|Any CPU
	EndGlobalSection
	GlobalSection(SolutionProperties) = preSolution
		HideSolutionNode = FALSE
	EndGlobalSection
	GlobalSection(ExtensibilityGlobals) = postSolution
		SolutionGuid = {0450F611-29B8-4189-963B-0327F8892427}
	EndGlobalSection
EndGlobal
